
Microsoft Visual Studio Solution File, Format Version 12.00
Project("{FAE04EC0-301F-11D3-BF4B-00C04F79EFBC}") = "Subscriptions", "src\Subscriptions\Subscriptions.csproj", "{CE739DC9-48C3-4D73-8358-09A660429968}"
EndProject
Project("{FAE04EC0-301F-11D3-BF4B-00C04F79EFBC}") = "Subscriptions.Tests", "tests\Subscriptions.Tests\Subscriptions.Tests.csproj", "{A301A333-B31F-4582-B953-4F63CF46C806}"
EndProject
Project("{2150E333-8FDC-42A3-9474-1A3956D46DE8}") = "Tests", "Tests", "{43EB4BDD-6EF7-46D0-8F12-22F462E9B1FF}"
EndProject
Global
	GlobalSection(SolutionConfigurationPlatforms) = preSolution
		Debug|Any CPU = Debug|Any CPU
		Release|Any CPU = Release|Any CPU
	EndGlobalSection
	GlobalSection(ProjectConfigurationPlatforms) = postSolution
		{CE739DC9-48C3-4D73-8358-09A660429968}.Debug|Any CPU.ActiveCfg = Debug|Any CPU
		{CE739DC9-48C3-4D73-8358-09A660429968}.Debug|Any CPU.Build.0 = Debug|Any CPU
		{CE739DC9-48C3-4D73-8358-09A660429968}.Release|Any CPU.ActiveCfg = Release|Any CPU
		{CE739DC9-48C3-4D73-8358-09A660429968}.Release|Any CPU.Build.0 = Release|Any CPU
		{A301A333-B31F-4582-B953-4F63CF46C806}.Debug|Any CPU.ActiveCfg = Debug|Any CPU
		{A301A333-B31F-4582-B953-4F63CF46C806}.Debug|Any CPU.Build.0 = Debug|Any CPU
		{A301A333-B31F-4582-B953-4F63CF46C806}.Release|Any CPU.ActiveCfg = Release|Any CPU
		{A301A333-B31F-4582-B953-4F63CF46C806}.Release|Any CPU.Build.0 = Release|Any CPU
	EndGlobalSection
	GlobalSection(NestedProjects) = preSolution
		{A301A333-B31F-4582-B953-4F63CF46C806} = {43EB4BDD-6EF7-46D0-8F12-22F462E9B1FF}
	EndGlobalSection
EndGlobal
